
Microsoft Visual Studio Solution File, Format Version 12.00
# Visual Studio 15
VisualStudioVersion = 15.0.27703.2042
MinimumVisualStudioVersion = 10.0.40219.1
Project("{9A19103F-16F7-4668-BE54-9A1E7A4F7556}") = "MitTraining", "MitTraining\MitTraining.csproj", "{F3E045B1-7F23-4E1C-943B-97C582934379}"
EndProject
Project("{9A19103F-16F7-4668-BE54-9A1E7A4F7556}") = "Lhc.Data", "Lhc.Data\Lhc.Data.csproj", "{AE20ED83-9D8F-4963-B583-90890E6F8CB3}"
EndProject
Global
	GlobalSection(SolutionConfigurationPlatforms) = preSolution
		Debug|Any CPU = Debug|Any CPU
		Release|Any CPU = Release|Any CPU
	EndGlobalSection
	GlobalSection(ProjectConfigurationPlatforms) = postSolution
		{F3E045B1-7F23-4E1C-943B-97C582934379}.Debug|Any CPU.ActiveCfg = Debug|Any CPU
		{F3E045B1-7F23-4E1C-943B-97C582934379}.Debug|Any CPU.Build.0 = Debug|Any CPU
		{F3E045B1-7F23-4E1C-943B-97C582934379}.Release|Any CPU.ActiveCfg = Release|Any CPU
		{F3E045B1-7F23-4E1C-943B-97C582934379}.Release|Any CPU.Build.0 = Release|Any CPU
		{AE20ED83-9D8F-4963-B583-90890E6F8CB3}.Debug|Any CPU.ActiveCfg = Debug|Any CPU
		{AE20ED83-9D8F-4963-B583-90890E6F8CB3}.Debug|Any CPU.Build.0 = Debug|Any CPU
		{AE20ED83-9D8F-4963-B583-90890E6F8CB3}.Release|Any CPU.ActiveCfg = Release|Any CPU
		{AE20ED83-9D8F-4963-B583-90890E6F8CB3}.Release|Any CPU.Build.0 = Release|Any CPU
	EndGlobalSection
	GlobalSection(SolutionProperties) = preSolution
		HideSolutionNode = FALSE
	EndGlobalSection
	GlobalSection(ExtensibilityGlobals) = postSolution
		SolutionGuid = {6133F9EB-BC1F-4374-9603-4695307B656E}
	EndGlobalSection
EndGlobal
